
Microsoft Visual Studio Solution File, Format Version 12.00
# Visual Studio 15
VisualStudioVersion = 15.0.27004.2009
MinimumVisualStudioVersion = 10.0.40219.1
Project("{FAE04EC0-301F-11D3-BF4B-00C04F79EFBC}") = "Commandes", "Commandes\Commandes.csproj", "{D838E1BC-C540-447F-911D-2B16880ACB14}"
EndProject
Global
	GlobalSection(SolutionConfigurationPlatforms) = preSolution
		Debug|Any CPU = Debug|Any CPU
		Release|Any CPU = Release|Any CPU
	EndGlobalSection
	GlobalSection(ProjectConfigurationPlatforms) = postSolution
		{D838E1BC-C540-447F-911D-2B16880ACB14}.Debug|Any CPU.ActiveCfg = Debug|Any CPU
		{D838E1BC-C540-447F-911D-2B16880ACB14}.Debug|Any CPU.Build.0 = Debug|Any CPU
		{D838E1BC-C540-447F-911D-2B16880ACB14}.Release|Any CPU.ActiveCfg = Release|Any CPU
		{D838E1BC-C540-447F-911D-2B16880ACB14}.Release|Any CPU.Build.0 = Release|Any CPU
	EndGlobalSection
	GlobalSection(SolutionProperties) = preSolution
		HideSolutionNode = FALSE
	EndGlobalSection
	GlobalSection(ExtensibilityGlobals) = postSolution
		SolutionGuid = {EC4C58A4-D9D6-4A61-B214-C18F4F3BA50F}
	EndGlobalSection
EndGlobal
